
Microsoft Visual Studio Solution File, Format Version 12.00
# Visual Studio Version 17
VisualStudioVersion = 17.11.35303.130
MinimumVisualStudioVersion = 10.0.40219.1
Project("{FAE04EC0-301F-11D3-BF4B-00C04F79EFBC}") = "Matematik_hafta1", "Matematik_hafta1\Matematik_hafta1.csproj", "{4DC150E2-6351-404E-A5F3-D9C1FE9A27BA}"
EndProject
Global
	GlobalSection(SolutionConfigurationPlatforms) = preSolution
		Debug|Any CPU = Debug|Any CPU
		Release|Any CPU = Release|Any CPU
	EndGlobalSection
	GlobalSection(ProjectConfigurationPlatforms) = postSolution
		{4DC150E2-6351-404E-A5F3-D9C1FE9A27BA}.Debug|Any CPU.ActiveCfg = Debug|Any CPU
		{4DC150E2-6351-404E-A5F3-D9C1FE9A27BA}.Debug|Any CPU.Build.0 = Debug|Any CPU
		{4DC150E2-6351-404E-A5F3-D9C1FE9A27BA}.Release|Any CPU.ActiveCfg = Release|Any CPU
		{4DC150E2-6351-404E-A5F3-D9C1FE9A27BA}.Release|Any CPU.Build.0 = Release|Any CPU
	EndGlobalSection
	GlobalSection(SolutionProperties) = preSolution
		HideSolutionNode = FALSE
	EndGlobalSection
	GlobalSection(ExtensibilityGlobals) = postSolution
		SolutionGuid = {D8A16A69-0327-4568-B66E-0D15E20B5BFE}
	EndGlobalSection
EndGlobal
